{
  "name": "qbench-sdk-unofficial",
  "version": "0.1.0",
  "lockfileVersion": 3,
  "requires": true,
  "packages": {
    "": {
      "name": "qbench-sdk-unofficial",
      "version": "0.1.0",
      "license": "MIT",
      "engines": {
        "node": ">=22.0.0"
      },
      "peerDependencies": {
        "@aws-sdk/lib-dynamodb": ">=3"
      },
      "peerDependenciesMeta": {
        "@aws-sdk/lib-dynamodb": {
          "optional": true
        }
      }
    }
  }
}
